// !$*UTF8*$!
{
	archiveVersion = 1;
	classes = {
	};
	objectVersion = 51;
	objects = {

/* Begin PBXBuildFile section */
		211B181223C5E13900E41772 /* CustomInputField.swift in Sources */ = {isa = PBXBuildFile; fileRef = 211B181123C5E13900E41772 /* CustomInputField.swift */; };
		211D6653239D22EA00AC685F /* LoginSignUpViewController.swift in Sources */ = {isa = PBXBuildFile; fileRef = 211D6652239D22EA00AC685F /* LoginSignUpViewController.swift */; };
		211D665A239FE25700AC685F /* CustomButton.swift in Sources */ = {isa = PBXBuildFile; fileRef = 211D6659239FE25700AC685F /* CustomButton.swift */; };
		213345C423C395F500624484 /* GoogleService-Info.plist in Resources */ = {isa = PBXBuildFile; fileRef = 213345C323C395F500624484 /* GoogleService-Info.plist */; };
		2151936823A0D9E100AAEAA9 /* LoginViewController.swift in Sources */ = {isa = PBXBuildFile; fileRef = 2151936723A0D9E100AAEAA9 /* LoginViewController.swift */; };
		2151936A23A0E47200AAEAA9 /* CustomTextField.swift in Sources */ = {isa = PBXBuildFile; fileRef = 2151936923A0E47200AAEAA9 /* CustomTextField.swift */; };
		2151936C23A0E65600AAEAA9 /* SignUpViewController.swift in Sources */ = {isa = PBXBuildFile; fileRef = 2151936B23A0E65600AAEAA9 /* SignUpViewController.swift */; };
		2151936E23A6777700AAEAA9 /* CustomNavigationController.swift in Sources */ = {isa = PBXBuildFile; fileRef = 2151936D23A6777700AAEAA9 /* CustomNavigationController.swift */; };
		2151937023A831E200AAEAA9 /* icons in Resources */ = {isa = PBXBuildFile; fileRef = 2151936F23A831E200AAEAA9 /* icons */; };
		2151937223A834E200AAEAA9 /* HomeTableViewController.swift in Sources */ = {isa = PBXBuildFile; fileRef = 2151937123A834E200AAEAA9 /* HomeTableViewController.swift */; };
		2151937423A8354B00AAEAA9 /* CookTableViewController.swift in Sources */ = {isa = PBXBuildFile; fileRef = 2151937323A8354B00AAEAA9 /* CookTableViewController.swift */; };
		2151937623A8356000AAEAA9 /* AddTableViewController.swift in Sources */ = {isa = PBXBuildFile; fileRef = 2151937523A8356000AAEAA9 /* AddTableViewController.swift */; };
		2151937823A835C600AAEAA9 /* UserViewController.swift in Sources */ = {isa = PBXBuildFile; fileRef = 2151937723A835C600AAEAA9 /* UserViewController.swift */; };
		218BA42A23911B9900146098 /* AppDelegate.swift in Sources */ = {isa = PBXBuildFile; fileRef = 218BA42923911B9900146098 /* AppDelegate.swift */; };
		218BA42C23911B9900146098 /* SceneDelegate.swift in Sources */ = {isa = PBXBuildFile; fileRef = 218BA42B23911B9900146098 /* SceneDelegate.swift */; };
		218BA43123911B9900146098 /* Main.storyboard in Resources */ = {isa = PBXBuildFile; fileRef = 218BA42F23911B9900146098 /* Main.storyboard */; };
		218BA43323911B9C00146098 /* Assets.xcassets in Resources */ = {isa = PBXBuildFile; fileRef = 218BA43223911B9C00146098 /* Assets.xcassets */; };
		218BA43623911B9C00146098 /* LaunchScreen.storyboard in Resources */ = {isa = PBXBuildFile; fileRef = 218BA43423911B9C00146098 /* LaunchScreen.storyboard */; };
		218F913723A8F08400A22C91 /* BigPicture.storyboard in Resources */ = {isa = PBXBuildFile; fileRef = 218F913623A8F08400A22C91 /* BigPicture.storyboard */; };
		218F913A23A8F2E000A22C91 /* TabBar.storyboard in Resources */ = {isa = PBXBuildFile; fileRef = 218F913823A8F2E000A22C91 /* TabBar.storyboard */; };
		218F913E23A8F3B900A22C91 /* Add.storyboard in Resources */ = {isa = PBXBuildFile; fileRef = 218F913C23A8F3B900A22C91 /* Add.storyboard */; };
		218F914223A8F61B00A22C91 /* Home.storyboard in Resources */ = {isa = PBXBuildFile; fileRef = 218F914023A8F61B00A22C91 /* Home.storyboard */; };
		218F914423A8F65900A22C91 /* Cook.storyboard in Resources */ = {isa = PBXBuildFile; fileRef = 218F914323A8F65900A22C91 /* Cook.storyboard */; };
		218F914723A8F6A100A22C91 /* User.storyboard in Resources */ = {isa = PBXBuildFile; fileRef = 218F914523A8F6A100A22C91 /* User.storyboard */; };
		218F914D23AA3B8000A22C91 /* RezeptCell.swift in Sources */ = {isa = PBXBuildFile; fileRef = 218F914C23AA3B8000A22C91 /* RezeptCell.swift */; };
		218F914F23AA3BCB00A22C91 /* RezeptCell.xib in Resources */ = {isa = PBXBuildFile; fileRef = 218F914E23AA3BCB00A22C91 /* RezeptCell.xib */; };
		21CD495E23B5FDBF00D7D62B /* Recepe.swift in Sources */ = {isa = PBXBuildFile; fileRef = 21CD495D23B5FDBF00D7D62B /* Recepe.swift */; };
		21CD496423BE882100D7D62B /* DetailViewController.swift in Sources */ = {isa = PBXBuildFile; fileRef = 21CD496323BE882100D7D62B /* DetailViewController.swift */; };
		ED02B2E4E214E036BFF77BBF /* Pods_kitchenMaster.framework in Frameworks */ = {isa = PBXBuildFile; fileRef = A654F60FD798FF08B0797B48 /* Pods_kitchenMaster.framework */; };
/* End PBXBuildFile section */

/* Begin PBXFileReference section */
		211B181123C5E13900E41772 /* CustomInputField.swift */ = {isa = PBXFileReference; lastKnownFileType = sourcecode.swift; path = CustomInputField.swift; sourceTree = "<group>"; };
		211D6652239D22EA00AC685F /* LoginSignUpViewController.swift */ = {isa = PBXFileReference; lastKnownFileType = sourcecode.swift; path = LoginSignUpViewController.swift; sourceTree = "<group>"; };
		211D6659239FE25700AC685F /* CustomButton.swift */ = {isa = PBXFileReference; lastKnownFileType = sourcecode.swift; path = CustomButton.swift; sourceTree = "<group>"; };
		213345C323C395F500624484 /* GoogleService-Info.plist */ = {isa = PBXFileReference; fileEncoding = 4; lastKnownFileType = text.plist.xml; path = "GoogleService-Info.plist"; sourceTree = "<group>"; };
		2151936723A0D9E100AAEAA9 /* LoginViewController.swift */ = {isa = PBXFileReference; lastKnownFileType = sourcecode.swift; path = LoginViewController.swift; sourceTree = "<group>"; };
		2151936923A0E47200AAEAA9 /* CustomTextField.swift */ = {isa = PBXFileReference; lastKnownFileType = sourcecode.swift; path = CustomTextField.swift; sourceTree = "<group>"; };
		2151936B23A0E65600AAEAA9 /* SignUpViewController.swift */ = {isa = PBXFileReference; lastKnownFileType = sourcecode.swift; path = SignUpViewController.swift; sourceTree = "<group>"; };
		2151936D23A6777700AAEAA9 /* CustomNavigationController.swift */ = {isa = PBXFileReference; lastKnownFileType = sourcecode.swift; path = CustomNavigationController.swift; sourceTree = "<group>"; };
		2151936F23A831E200AAEAA9 /* icons */ = {isa = PBXFileReference; lastKnownFileType = folder; path = icons; sourceTree = "<group>"; };
		2151937123A834E200AAEAA9 /* HomeTableViewController.swift */ = {isa = PBXFileReference; lastKnownFileType = sourcecode.swift; path = HomeTableViewController.swift; sourceTree = "<group>"; };
		2151937323A8354B00AAEAA9 /* CookTableViewController.swift */ = {isa = PBXFileReference; lastKnownFileType = sourcecode.swift; path = CookTableViewController.swift; sourceTree = "<group>"; };
		2151937523A8356000AAEAA9 /* AddTableViewController.swift */ = {isa = PBXFileReference; lastKnownFileType = sourcecode.swift; path = AddTableViewController.swift; sourceTree = "<group>"; };
		2151937723A835C600AAEAA9 /* UserViewController.swift */ = {isa = PBXFileReference; lastKnownFileType = sourcecode.swift; path = UserViewController.swift; sourceTree = "<group>"; };
		218BA42623911B9900146098 /* kitchenMaster.app */ = {isa = PBXFileReference; explicitFileType = wrapper.application; includeInIndex = 0; path = kitchenMaster.app; sourceTree = BUILT_PRODUCTS_DIR; };
		218BA42923911B9900146098 /* AppDelegate.swift */ = {isa = PBXFileReference; lastKnownFileType = sourcecode.swift; path = AppDelegate.swift; sourceTree = "<group>"; };
		218BA42B23911B9900146098 /* SceneDelegate.swift */ = {isa = PBXFileReference; lastKnownFileType = sourcecode.swift; path = SceneDelegate.swift; sourceTree = "<group>"; };
		218BA43023911B9900146098 /* Base */ = {isa = PBXFileReference; lastKnownFileType = file.storyboard; name = Base; path = Base.lproj/Main.storyboard; sourceTree = "<group>"; };
		218BA43223911B9C00146098 /* Assets.xcassets */ = {isa = PBXFileReference; lastKnownFileType = folder.assetcatalog; path = Assets.xcassets; sourceTree = "<group>"; };
		218BA43523911B9C00146098 /* Base */ = {isa = PBXFileReference; lastKnownFileType = file.storyboard; name = Base; path = Base.lproj/LaunchScreen.storyboard; sourceTree = "<group>"; };
		218BA43723911B9C00146098 /* Info.plist */ = {isa = PBXFileReference; lastKnownFileType = text.plist.xml; path = Info.plist; sourceTree = "<group>"; };
		218F913623A8F08400A22C91 /* BigPicture.storyboard */ = {isa = PBXFileReference; lastKnownFileType = file.storyboard; path = BigPicture.storyboard; sourceTree = "<group>"; };
		218F913923A8F2E000A22C91 /* Base */ = {isa = PBXFileReference; lastKnownFileType = file.storyboard; name = Base; path = kitchenMaster/Base.lproj/TabBar.storyboard; sourceTree = "<group>"; };
		218F913D23A8F3B900A22C91 /* Base */ = {isa = PBXFileReference; lastKnownFileType = file.storyboard; name = Base; path = kitchenMaster/Storyboard/kitchenMaster/Base.lproj/Add.storyboard; sourceTree = "<group>"; };
		218F914123A8F61B00A22C91 /* Base */ = {isa = PBXFileReference; lastKnownFileType = file.storyboard; name = Base; path = kitchenMaster/Storyboard/kitchenMaster/Base.lproj/Home.storyboard; sourceTree = "<group>"; };
		218F914323A8F65900A22C91 /* Cook.storyboard */ = {isa = PBXFileReference; fileEncoding = 4; lastKnownFileType = file.storyboard; path = Cook.storyboard; sourceTree = "<group>"; };
		218F914623A8F6A100A22C91 /* Base */ = {isa = PBXFileReference; lastKnownFileType = file.storyboard; name = Base; path = kitchenMaster/Storyboard/kitchenMaster/Base.lproj/User.storyboard; sourceTree = "<group>"; };
		218F914C23AA3B8000A22C91 /* RezeptCell.swift */ = {isa = PBXFileReference; lastKnownFileType = sourcecode.swift; path = RezeptCell.swift; sourceTree = "<group>"; };
		218F914E23AA3BCB00A22C91 /* RezeptCell.xib */ = {isa = PBXFileReference; lastKnownFileType = file.xib; path = RezeptCell.xib; sourceTree = "<group>"; };
		21CD495D23B5FDBF00D7D62B /* Recepe.swift */ = {isa = PBXFileReference; lastKnownFileType = sourcecode.swift; path = Recepe.swift; sourceTree = "<group>"; };
		21CD496323BE882100D7D62B /* DetailViewController.swift */ = {isa = PBXFileReference; lastKnownFileType = sourcecode.swift; path = DetailViewController.swift; sourceTree = "<group>"; };
		47DB808506E857A42687CAF8 /* Pods-kitchenMaster.debug.xcconfig */ = {isa = PBXFileReference; includeInIndex = 1; lastKnownFileType = text.xcconfig; name = "Pods-kitchenMaster.debug.xcconfig"; path = "Target Support Files/Pods-kitchenMaster/Pods-kitchenMaster.debug.xcconfig"; sourceTree = "<group>"; };
		7BD6E84A94A76D91E545E24C /* Pods-kitchenMaster.release.xcconfig */ = {isa = PBXFileReference; includeInIndex = 1; lastKnownFileType = text.xcconfig; name = "Pods-kitchenMaster.release.xcconfig"; path = "Target Support Files/Pods-kitchenMaster/Pods-kitchenMaster.release.xcconfig"; sourceTree = "<group>"; };
		A654F60FD798FF08B0797B48 /* Pods_kitchenMaster.framework */ = {isa = PBXFileReference; explicitFileType = wrapper.framework; includeInIndex = 0; path = Pods_kitchenMaster.framework; sourceTree = BUILT_PRODUCTS_DIR; };
/* End PBXFileReference section */

/* Begin PBXFrameworksBuildPhase section */
		218BA42323911B9900146098 /* Frameworks */ = {
			isa = PBXFrameworksBuildPhase;
			buildActionMask = 2147483647;
			files = (
				ED02B2E4E214E036BFF77BBF /* Pods_kitchenMaster.framework in Frameworks */,
			);
			runOnlyForDeploymentPostprocessing = 0;
		};
/* End PBXFrameworksBuildPhase section */

/* Begin PBXGroup section */
		0EA01FCEC3D75BA7D00299A1 /* Pods */ = {
			isa = PBXGroup;
			children = (
				47DB808506E857A42687CAF8 /* Pods-kitchenMaster.debug.xcconfig */,
				7BD6E84A94A76D91E545E24C /* Pods-kitchenMaster.release.xcconfig */,
			);
			path = Pods;
			sourceTree = "<group>";
		};
		211D6651239D22AB00AC685F /* Main */ = {
			isa = PBXGroup;
			children = (
				211D6652239D22EA00AC685F /* LoginSignUpViewController.swift */,
				211D6659239FE25700AC685F /* CustomButton.swift */,
				2151936723A0D9E100AAEAA9 /* LoginViewController.swift */,
				2151936B23A0E65600AAEAA9 /* SignUpViewController.swift */,
			);
			path = Main;
			sourceTree = "<group>";
		};
		211D6658239FE22300AC685F /* Custom */ = {
			isa = PBXGroup;
			children = (
				2151936923A0E47200AAEAA9 /* CustomTextField.swift */,
				2151936D23A6777700AAEAA9 /* CustomNavigationController.swift */,
				211B181123C5E13900E41772 /* CustomInputField.swift */,
			);
			path = Custom;
			sourceTree = "<group>";
		};
		218BA41D23911B9900146098 = {
			isa = PBXGroup;
			children = (
				21CD495D23B5FDBF00D7D62B /* Recepe.swift */,
				218F914B23AA389200A22C91 /* Cells */,
				218BA42823911B9900146098 /* kitchenMaster */,
				218BA42723911B9900146098 /* Products */,
				0EA01FCEC3D75BA7D00299A1 /* Pods */,
				DC052757725F806B931FE997 /* Frameworks */,
			);
			sourceTree = "<group>";
		};
		218BA42723911B9900146098 /* Products */ = {
			isa = PBXGroup;
			children = (
				218BA42623911B9900146098 /* kitchenMaster.app */,
			);
			name = Products;
			sourceTree = "<group>";
		};
		218BA42823911B9900146098 /* kitchenMaster */ = {
			isa = PBXGroup;
			children = (
				218F913B23A8F35A00A22C91 /* Storyboard */,
				211D6658239FE22300AC685F /* Custom */,
				211D6651239D22AB00AC685F /* Main */,
				218F913F23A8F4E600A22C91 /* Home */,
				218F914923A8F72000A22C91 /* Cook */,
				218F914823A8F71A00A22C91 /* Add */,
				21CD496523BE883300D7D62B /* Detail */,
				218F914A23A8F72600A22C91 /* User */,
				218BA42923911B9900146098 /* AppDelegate.swift */,
				218BA42B23911B9900146098 /* SceneDelegate.swift */,
				218F913623A8F08400A22C91 /* BigPicture.storyboard */,
				2151936F23A831E200AAEAA9 /* icons */,
				218BA43223911B9C00146098 /* Assets.xcassets */,
				218BA43423911B9C00146098 /* LaunchScreen.storyboard */,
				213345C323C395F500624484 /* GoogleService-Info.plist */,
				218BA43723911B9C00146098 /* Info.plist */,
			);
			path = kitchenMaster;
			sourceTree = "<group>";
		};
		218F913B23A8F35A00A22C91 /* Storyboard */ = {
			isa = PBXGroup;
			children = (
				218BA42F23911B9900146098 /* Main.storyboard */,
				218F913823A8F2E000A22C91 /* TabBar.storyboard */,
				218F914023A8F61B00A22C91 /* Home.storyboard */,
				218F914323A8F65900A22C91 /* Cook.storyboard */,
				218F913C23A8F3B900A22C91 /* Add.storyboard */,
				218F914523A8F6A100A22C91 /* User.storyboard */,
			);
			path = Storyboard;
			sourceTree = "<group>";
		};
		218F913F23A8F4E600A22C91 /* Home */ = {
			isa = PBXGroup;
			children = (
				2151937123A834E200AAEAA9 /* HomeTableViewController.swift */,
			);
			path = Home;
			sourceTree = "<group>";
		};
		218F914823A8F71A00A22C91 /* Add */ = {
			isa = PBXGroup;
			children = (
				2151937523A8356000AAEAA9 /* AddTableViewController.swift */,
			);
			path = Add;
			sourceTree = "<group>";
		};
		218F914923A8F72000A22C91 /* Cook */ = {
			isa = PBXGroup;
			children = (
				2151937323A8354B00AAEAA9 /* CookTableViewController.swift */,
			);
			path = Cook;
			sourceTree = "<group>";
		};
		218F914A23A8F72600A22C91 /* User */ = {
			isa = PBXGroup;
			children = (
				2151937723A835C600AAEAA9 /* UserViewController.swift */,
			);
			path = User;
			sourceTree = "<group>";
		};
		218F914B23AA389200A22C91 /* Cells */ = {
			isa = PBXGroup;
			children = (
				218F914C23AA3B8000A22C91 /* RezeptCell.swift */,
				218F914E23AA3BCB00A22C91 /* RezeptCell.xib */,
			);
			path = Cells;
			sourceTree = "<group>";
		};
		21CD496523BE883300D7D62B /* Detail */ = {
			isa = PBXGroup;
			children = (
				21CD496323BE882100D7D62B /* DetailViewController.swift */,
			);
			path = Detail;
			sourceTree = "<group>";
		};
		DC052757725F806B931FE997 /* Frameworks */ = {
			isa = PBXGroup;
			children = (
				A654F60FD798FF08B0797B48 /* Pods_kitchenMaster.framework */,
			);
			name = Frameworks;
			sourceTree = "<group>";
		};
/* End PBXGroup section */

/* Begin PBXNativeTarget section */
		218BA42523911B9900146098 /* kitchenMaster */ = {
			isa = PBXNativeTarget;
			buildConfigurationList = 218BA43A23911B9C00146098 /* Build configuration list for PBXNativeTarget "kitchenMaster" */;
			buildPhases = (
				C0D730481DABE85E709DEA53 /* [CP] Check Pods Manifest.lock */,
				218BA42223911B9900146098 /* Sources */,
				218BA42323911B9900146098 /* Frameworks */,
				218BA42423911B9900146098 /* Resources */,
				CC0713813C48CF85EDF7EC86 /* [CP] Embed Pods Frameworks */,
			);
			buildRules = (
			);
			dependencies = (
			);
			name = kitchenMaster;
			productName = kitchenMaster;
			productReference = 218BA42623911B9900146098 /* kitchenMaster.app */;
			productType = "com.apple.product-type.application";
		};
/* End PBXNativeTarget section */

/* Begin PBXProject section */
		218BA41E23911B9900146098 /* Project object */ = {
			isa = PBXProject;
			attributes = {
				LastSwiftUpdateCheck = 1120;
				LastUpgradeCheck = 1120;
				ORGANIZATIONNAME = "Jan Rückert";
				TargetAttributes = {
					218BA42523911B9900146098 = {
						CreatedOnToolsVersion = 11.2.1;
					};
				};
			};
			buildConfigurationList = 218BA42123911B9900146098 /* Build configuration list for PBXProject "kitchenMaster" */;
			compatibilityVersion = "Xcode 9.3";
			developmentRegion = en;
			hasScannedForEncodings = 0;
			knownRegions = (
				en,
				Base,
			);
			mainGroup = 218BA41D23911B9900146098;
			productRefGroup = 218BA42723911B9900146098 /* Products */;
			projectDirPath = "";
			projectRoot = "";
			targets = (
				218BA42523911B9900146098 /* kitchenMaster */,
			);
		};
/* End PBXProject section */

/* Begin PBXResourcesBuildPhase section */
		218BA42423911B9900146098 /* Resources */ = {
			isa = PBXResourcesBuildPhase;
			buildActionMask = 2147483647;
			files = (
				218F913E23A8F3B900A22C91 /* Add.storyboard in Resources */,
				218F914723A8F6A100A22C91 /* User.storyboard in Resources */,
				218BA43623911B9C00146098 /* LaunchScreen.storyboard in Resources */,
				2151937023A831E200AAEAA9 /* icons in Resources */,
				218F913723A8F08400A22C91 /* BigPicture.storyboard in Resources */,
				213345C423C395F500624484 /* GoogleService-Info.plist in Resources */,
				218F914423A8F65900A22C91 /* Cook.storyboard in Resources */,
				218BA43323911B9C00146098 /* Assets.xcassets in Resources */,
				218F914F23AA3BCB00A22C91 /* RezeptCell.xib in Resources */,
				218F913A23A8F2E000A22C91 /* TabBar.storyboard in Resources */,
				218BA43123911B9900146098 /* Main.storyboard in Resources */,
				218F914223A8F61B00A22C91 /* Home.storyboard in Resources */,
			);
			runOnlyForDeploymentPostprocessing = 0;
		};
/* End PBXResourcesBuildPhase section */

/* Begin PBXShellScriptBuildPhase section */
		C0D730481DABE85E709DEA53 /* [CP] Check Pods Manifest.lock */ = {
			isa = PBXShellScriptBuildPhase;
			buildActionMask = 2147483647;
			files = (
			);
			inputFileListPaths = (
			);
			inputPaths = (
				"${PODS_PODFILE_DIR_PATH}/Podfile.lock",
				"${PODS_ROOT}/Manifest.lock",
			);
			name = "[CP] Check Pods Manifest.lock";
			outputFileListPaths = (
			);
			outputPaths = (
				"$(DERIVED_FILE_DIR)/Pods-kitchenMaster-checkManifestLockResult.txt",
			);
			runOnlyForDeploymentPostprocessing = 0;
			shellPath = /bin/sh;
			shellScript = "diff \"${PODS_PODFILE_DIR_PATH}/Podfile.lock\" \"${PODS_ROOT}/Manifest.lock\" > /dev/null\nif [ $? != 0 ] ; then\n    # print error to STDERR\n    echo \"error: The sandbox is not in sync with the Podfile.lock. Run 'pod install' or update your CocoaPods installation.\" >&2\n    exit 1\nfi\n# This output is used by Xcode 'outputs' to avoid re-running this script phase.\necho \"SUCCESS\" > \"${SCRIPT_OUTPUT_FILE_0}\"\n";
			showEnvVarsInLog = 0;
		};
		CC0713813C48CF85EDF7EC86 /* [CP] Embed Pods Frameworks */ = {
			isa = PBXShellScriptBuildPhase;
			buildActionMask = 2147483647;
			files = (
			);
			inputFileListPaths = (
				"${PODS_ROOT}/Target Support Files/Pods-kitchenMaster/Pods-kitchenMaster-frameworks-${CONFIGURATION}-input-files.xcfilelist",
			);
			name = "[CP] Embed Pods Frameworks";
			outputFileListPaths = (
				"${PODS_ROOT}/Target Support Files/Pods-kitchenMaster/Pods-kitchenMaster-frameworks-${CONFIGURATION}-output-files.xcfilelist",
			);
			runOnlyForDeploymentPostprocessing = 0;
			shellPath = /bin/sh;
			shellScript = "\"${PODS_ROOT}/Target Support Files/Pods-kitchenMaster/Pods-kitchenMaster-frameworks.sh\"\n";
			showEnvVarsInLog = 0;
		};
/* End PBXShellScriptBuildPhase section */

/* Begin PBXSourcesBuildPhase section */
		218BA42223911B9900146098 /* Sources */ = {
			isa = PBXSourcesBuildPhase;
			buildActionMask = 2147483647;
			files = (
				211B181223C5E13900E41772 /* CustomInputField.swift in Sources */,
				211D665A239FE25700AC685F /* CustomButton.swift in Sources */,
				2151937823A835C600AAEAA9 /* UserViewController.swift in Sources */,
				2151937623A8356000AAEAA9 /* AddTableViewController.swift in Sources */,
				2151936C23A0E65600AAEAA9 /* SignUpViewController.swift in Sources */,
				218BA42A23911B9900146098 /* AppDelegate.swift in Sources */,
				2151936A23A0E47200AAEAA9 /* CustomTextField.swift in Sources */,
				2151936E23A6777700AAEAA9 /* CustomNavigationController.swift in Sources */,
				211D6653239D22EA00AC685F /* LoginSignUpViewController.swift in Sources */,
				2151937223A834E200AAEAA9 /* HomeTableViewController.swift in Sources */,
				2151936823A0D9E100AAEAA9 /* LoginViewController.swift in Sources */,
				218BA42C23911B9900146098 /* SceneDelegate.swift in Sources */,
				2151937423A8354B00AAEAA9 /* CookTableViewController.swift in Sources */,
				21CD496423BE882100D7D62B /* DetailViewController.swift in Sources */,
				218F914D23AA3B8000A22C91 /* RezeptCell.swift in Sources */,
				21CD495E23B5FDBF00D7D62B /* Recepe.swift in Sources */,
			);
			runOnlyForDeploymentPostprocessing = 0;
		};
/* End PBXSourcesBuildPhase section */

/* Begin PBXVariantGroup section */
		218BA42F23911B9900146098 /* Main.storyboard */ = {
			isa = PBXVariantGroup;
			children = (
				218BA43023911B9900146098 /* Base */,
			);
			name = Main.storyboard;
			sourceTree = "<group>";
		};
		218BA43423911B9C00146098 /* LaunchScreen.storyboard */ = {
			isa = PBXVariantGroup;
			children = (
				218BA43523911B9C00146098 /* Base */,
			);
			name = LaunchScreen.storyboard;
			sourceTree = "<group>";
		};
		218F913823A8F2E000A22C91 /* TabBar.storyboard */ = {
			isa = PBXVariantGroup;
			children = (
				218F913923A8F2E000A22C91 /* Base */,
			);
			name = TabBar.storyboard;
			sourceTree = "<group>";
		};
		218F913C23A8F3B900A22C91 /* Add.storyboard */ = {
			isa = PBXVariantGroup;
			children = (
				218F913D23A8F3B900A22C91 /* Base */,
			);
			name = Add.storyboard;
			sourceTree = "<group>";
		};
		218F914023A8F61B00A22C91 /* Home.storyboard */ = {
			isa = PBXVariantGroup;
			children = (
				218F914123A8F61B00A22C91 /* Base */,
			);
			name = Home.storyboard;
			sourceTree = "<group>";
		};
		218F914523A8F6A100A22C91 /* User.storyboard */ = {
			isa = PBXVariantGroup;
			children = (
				218F914623A8F6A100A22C91 /* Base */,
			);
			name = User.storyboard;
			sourceTree = "<group>";
		};
/* End PBXVariantGroup section */

/* Begin XCBuildConfiguration section */
		218BA43823911B9C00146098 /* Debug */ = {
			isa = XCBuildConfiguration;
			buildSettings = {
				ALWAYS_SEARCH_USER_PATHS = NO;
				CLANG_ANALYZER_NONNULL = YES;
				CLANG_ANALYZER_NUMBER_OBJECT_CONVERSION = YES_AGGRESSIVE;
				CLANG_CXX_LANGUAGE_STANDARD = "gnu++14";
				CLANG_CXX_LIBRARY = "libc++";
				CLANG_ENABLE_MODULES = YES;
				CLANG_ENABLE_OBJC_ARC = YES;
				CLANG_ENABLE_OBJC_WEAK = YES;
				CLANG_WARN_BLOCK_CAPTURE_AUTORELEASING = YES;
				CLANG_WARN_BOOL_CONVERSION = YES;
				CLANG_WARN_COMMA = YES;
				CLANG_WARN_CONSTANT_CONVERSION = YES;
				CLANG_WARN_DEPRECATED_OBJC_IMPLEMENTATIONS = YES;
				CLANG_WARN_DIRECT_OBJC_ISA_USAGE = YES_ERROR;
				CLANG_WARN_DOCUMENTATION_COMMENTS = YES;
				CLANG_WARN_EMPTY_BODY = YES;
				CLANG_WARN_ENUM_CONVERSION = YES;
				CLANG_WARN_INFINITE_RECURSION = YES;
				CLANG_WARN_INT_CONVERSION = YES;
				CLANG_WARN_NON_LITERAL_NULL_CONVERSION = YES;
				CLANG_WARN_OBJC_IMPLICIT_RETAIN_SELF = YES;
				CLANG_WARN_OBJC_LITERAL_CONVERSION = YES;
				CLANG_WARN_OBJC_ROOT_CLASS = YES_ERROR;
				CLANG_WARN_RANGE_LOOP_ANALYSIS = YES;
				CLANG_WARN_STRICT_PROTOTYPES = YES;
				CLANG_WARN_SUSPICIOUS_MOVE = YES;
				CLANG_WARN_UNGUARDED_AVAILABILITY = YES_AGGRESSIVE;
				CLANG_WARN_UNREACHABLE_CODE = YES;
				CLANG_WARN__DUPLICATE_METHOD_MATCH = YES;
				COPY_PHASE_STRIP = NO;
				DEBUG_INFORMATION_FORMAT = dwarf;
				ENABLE_STRICT_OBJC_MSGSEND = YES;
				ENABLE_TESTABILITY = YES;
				GCC_C_LANGUAGE_STANDARD = gnu11;
				GCC_DYNAMIC_NO_PIC = NO;
				GCC_NO_COMMON_BLOCKS = YES;
				GCC_OPTIMIZATION_LEVEL = 0;
				GCC_PREPROCESSOR_DEFINITIONS = (
					"DEBUG=1",
					"$(inherited)",
				);
				GCC_WARN_64_TO_32_BIT_CONVERSION = YES;
				GCC_WARN_ABOUT_RETURN_TYPE = YES_ERROR;
				GCC_WARN_UNDECLARED_SELECTOR = YES;
				GCC_WARN_UNINITIALIZED_AUTOS = YES_AGGRESSIVE;
				GCC_WARN_UNUSED_FUNCTION = YES;
				GCC_WARN_UNUSED_VARIABLE = YES;
				IPHONEOS_DEPLOYMENT_TARGET = 13.2;
				MTL_ENABLE_DEBUG_INFO = INCLUDE_SOURCE;
				MTL_FAST_MATH = YES;
				ONLY_ACTIVE_ARCH = YES;
				SDKROOT = iphoneos;
				SWIFT_ACTIVE_COMPILATION_CONDITIONS = DEBUG;
				SWIFT_OPTIMIZATION_LEVEL = "-Onone";
			};
			name = Debug;
		};
		218BA43923911B9C00146098 /* Release */ = {
			isa = XCBuildConfiguration;
			buildSettings = {
				ALWAYS_SEARCH_USER_PATHS = NO;
				CLANG_ANALYZER_NONNULL = YES;
				CLANG_ANALYZER_NUMBER_OBJECT_CONVERSION = YES_AGGRESSIVE;
				CLANG_CXX_LANGUAGE_STANDARD = "gnu++14";
				CLANG_CXX_LIBRARY = "libc++";
				CLANG_ENABLE_MODULES = YES;
				CLANG_ENABLE_OBJC_ARC = YES;
				CLANG_ENABLE_OBJC_WEAK = YES;
				CLANG_WARN_BLOCK_CAPTURE_AUTORELEASING = YES;
				CLANG_WARN_BOOL_CONVERSION = YES;
				CLANG_WARN_COMMA = YES;
				CLANG_WARN_CONSTANT_CONVERSION = YES;
				CLANG_WARN_DEPRECATED_OBJC_IMPLEMENTATIONS = YES;
				CLANG_WARN_DIRECT_OBJC_ISA_USAGE = YES_ERROR;
				CLANG_WARN_DOCUMENTATION_COMMENTS = YES;
				CLANG_WARN_EMPTY_BODY = YES;
				CLANG_WARN_ENUM_CONVERSION = YES;
				CLANG_WARN_INFINITE_RECURSION = YES;
				CLANG_WARN_INT_CONVERSION = YES;
				CLANG_WARN_NON_LITERAL_NULL_CONVERSION = YES;
				CLANG_WARN_OBJC_IMPLICIT_RETAIN_SELF = YES;
				CLANG_WARN_OBJC_LITERAL_CONVERSION = YES;
				CLANG_WARN_OBJC_ROOT_CLASS = YES_ERROR;
				CLANG_WARN_RANGE_LOOP_ANALYSIS = YES;
				CLANG_WARN_STRICT_PROTOTYPES = YES;
				CLANG_WARN_SUSPICIOUS_MOVE = YES;
				CLANG_WARN_UNGUARDED_AVAILABILITY = YES_AGGRESSIVE;
				CLANG_WARN_UNREACHABLE_CODE = YES;
				CLANG_WARN__DUPLICATE_METHOD_MATCH = YES;
				COPY_PHASE_STRIP = NO;
				DEBUG_INFORMATION_FORMAT = "dwarf-with-dsym";
				ENABLE_NS_ASSERTIONS = NO;
				ENABLE_STRICT_OBJC_MSGSEND = YES;
				GCC_C_LANGUAGE_STANDARD = gnu11;
				GCC_NO_COMMON_BLOCKS = YES;
				GCC_WARN_64_TO_32_BIT_CONVERSION = YES;
				GCC_WARN_ABOUT_RETURN_TYPE = YES_ERROR;
				GCC_WARN_UNDECLARED_SELECTOR = YES;
				GCC_WARN_UNINITIALIZED_AUTOS = YES_AGGRESSIVE;
				GCC_WARN_UNUSED_FUNCTION = YES;
				GCC_WARN_UNUSED_VARIABLE = YES;
				IPHONEOS_DEPLOYMENT_TARGET = 13.2;
				MTL_ENABLE_DEBUG_INFO = NO;
				MTL_FAST_MATH = YES;
				SDKROOT = iphoneos;
				SWIFT_COMPILATION_MODE = wholemodule;
				SWIFT_OPTIMIZATION_LEVEL = "-O";
				VALIDATE_PRODUCT = YES;
			};
			name = Release;
		};
		218BA43B23911B9C00146098 /* Debug */ = {
			isa = XCBuildConfiguration;
			baseConfigurationReference = 47DB808506E857A42687CAF8 /* Pods-kitchenMaster.debug.xcconfig */;
			buildSettings = {
				ASSETCATALOG_COMPILER_APPICON_NAME = AppIcon;
				CODE_SIGN_STYLE = Automatic;
				DEVELOPMENT_TEAM = TP6AXGQ6P5;
				INFOPLIST_FILE = kitchenMaster/Info.plist;
				LD_RUNPATH_SEARCH_PATHS = (
					"$(inherited)",
					"@executable_path/Frameworks",
				);
				PRODUCT_BUNDLE_IDENTIFIER = com.janrueckert.kitchenMaster;
				PRODUCT_NAME = "$(TARGET_NAME)";
				SWIFT_VERSION = 5.0;
				TARGETED_DEVICE_FAMILY = "1,2";
			};
			name = Debug;
		};
		218BA43C23911B9C00146098 /* Release */ = {
			isa = XCBuildConfiguration;
			baseConfigurationReference = 7BD6E84A94A76D91E545E24C /* Pods-kitchenMaster.release.xcconfig */;
			buildSettings = {
				ASSETCATALOG_COMPILER_APPICON_NAME = AppIcon;
				CODE_SIGN_STYLE = Automatic;
				DEVELOPMENT_TEAM = TP6AXGQ6P5;
				INFOPLIST_FILE = kitchenMaster/Info.plist;
				LD_RUNPATH_SEARCH_PATHS = (
					"$(inherited)",
					"@executable_path/Frameworks",
				);
				PRODUCT_BUNDLE_IDENTIFIER = com.janrueckert.kitchenMaster;
				PRODUCT_NAME = "$(TARGET_NAME)";
				SWIFT_VERSION = 5.0;
				TARGETED_DEVICE_FAMILY = "1,2";
			};
			name = Release;
		};
/* End XCBuildConfiguration section */

/* Begin XCConfigurationList section */
		218BA42123911B9900146098 /* Build configuration list for PBXProject "kitchenMaster" */ = {
			isa = XCConfigurationList;
			buildConfigurations = (
				218BA43823911B9C00146098 /* Debug */,
				218BA43923911B9C00146098 /* Release */,
			);
			defaultConfigurationIsVisible = 0;
			defaultConfigurationName = Release;
		};
		218BA43A23911B9C00146098 /* Build configuration list for PBXNativeTarget "kitchenMaster" */ = {
			isa = XCConfigurationList;
			buildConfigurations = (
				218BA43B23911B9C00146098 /* Debug */,
				218BA43C23911B9C00146098 /* Release */,
			);
			defaultConfigurationIsVisible = 0;
			defaultConfigurationName = Release;
		};
/* End XCConfigurationList section */
	};
	rootObject = 218BA41E23911B9900146098 /* Project object */;
}
